
Microsoft Visual Studio Solution File, Format Version 12.00
# Visual Studio Version 17
VisualStudioVersion = 17.7.34221.43
MinimumVisualStudioVersion = 10.0.40219.1
Project("{FAE04EC0-301F-11D3-BF4B-00C04F79EFBC}") = "pop_maria_lab2", "pop_maria_lab2.csproj", "{D060F608-6E0A-443A-AB7E-4EA6217778A3}"
EndProject
Global
	GlobalSection(SolutionConfigurationPlatforms) = preSolution
		Debug|Any CPU = Debug|Any CPU
		Release|Any CPU = Release|Any CPU
	EndGlobalSection
	GlobalSection(ProjectConfigurationPlatforms) = postSolution
		{D060F608-6E0A-443A-AB7E-4EA6217778A3}.Debug|Any CPU.ActiveCfg = Debug|Any CPU
		{D060F608-6E0A-443A-AB7E-4EA6217778A3}.Debug|Any CPU.Build.0 = Debug|Any CPU
		{D060F608-6E0A-443A-AB7E-4EA6217778A3}.Release|Any CPU.ActiveCfg = Release|Any CPU
		{D060F608-6E0A-443A-AB7E-4EA6217778A3}.Release|Any CPU.Build.0 = Release|Any CPU
	EndGlobalSection
	GlobalSection(SolutionProperties) = preSolution
		HideSolutionNode = FALSE
	EndGlobalSection
	GlobalSection(ExtensibilityGlobals) = postSolution
		SolutionGuid = {4F1A7B3A-7150-4F38-BD1A-E06F10605A6D}
	EndGlobalSection
EndGlobal
